// !$*UTF8*$!
{
	archiveVersion = 1;
	classes = {
	};
	objectVersion = 77;
	objects = {

/* Begin PBXBuildFile section */
		017F6113DFA17034E34A207B /* RewardsServiceTests.swift in Sources */ = {isa = PBXBuildFile; fileRef = E361AF4FF02C08589115191B /* RewardsServiceTests.swift */; };
		040D2A7673611FA21F73155B /* BackupService.swift in Sources */ = {isa = PBXBuildFile; fileRef = 148E686BD385A1B292708D1C /* BackupService.swift */; };
		0769495C913EE5E1DB275329 /* OpenSectionIntent.swift in Sources */ = {isa = PBXBuildFile; fileRef = 77F7BA62F59D238B65905DF7 /* OpenSectionIntent.swift */; };
		143D08B88343308CBD65EDD7 /* TaskItem.swift in Sources */ = {isa = PBXBuildFile; fileRef = AEB793222637396AEB9774CD /* TaskItem.swift */; };
		1527229548B069E6FE9F1054 /* HabitsView.swift in Sources */ = {isa = PBXBuildFile; fileRef = 84D429613A4D918CBB661E00 /* HabitsView.swift */; };
		1FB8EB3CB9221F3878C2E448 /* MoneyChartView.swift in Sources */ = {isa = PBXBuildFile; fileRef = 0001CDD02117F27710D0B7CF /* MoneyChartView.swift */; };
		20DBE5C0B01ABAAB6722AF9A /* Habit.swift in Sources */ = {isa = PBXBuildFile; fileRef = 97C4A76CF01C96AD978852D8 /* Habit.swift */; };
		265DDF0E51B2EB8BF729BB9C /* SavingGoal.swift in Sources */ = {isa = PBXBuildFile; fileRef = FBBEAB146619BFDD3524828C /* SavingGoal.swift */; };
		30A3B469D3C392A7AA28B8AD /* LogExpenseIntent.swift in Sources */ = {isa = PBXBuildFile; fileRef = 98AEEB7337576DC4F3255E01 /* LogExpenseIntent.swift */; };
		346C1DD118FA9521568A0B98 /* RewardEditorView.swift in Sources */ = {isa = PBXBuildFile; fileRef = 945CC957F2B2FCFCEF6206F5 /* RewardEditorView.swift */; };
		421897AD939FEF8F71487F02 /* ProgressServiceTests.swift in Sources */ = {isa = PBXBuildFile; fileRef = E9AFE037A9794BE0193F5FF7 /* ProgressServiceTests.swift */; };
		4B87701D7397C6D796A49113 /* MoneyView.swift in Sources */ = {isa = PBXBuildFile; fileRef = 04C2D3BD7627072035421FEA /* MoneyView.swift */; };
		5145AB550596AB86D9EC2D95 /* SelfUpStyle.swift in Sources */ = {isa = PBXBuildFile; fileRef = 2AD940C45CADB1D8EFF20B3A /* SelfUpStyle.swift */; };
		53E5A4B9E66EC03E68B4A899 /* SavingGoalFundView.swift in Sources */ = {isa = PBXBuildFile; fileRef = D839B791EAAE6F0E92A43381 /* SavingGoalFundView.swift */; };
		5C08BB1471148E0BD56EA796 /* BackupServiceTests.swift in Sources */ = {isa = PBXBuildFile; fileRef = 3B00D8F94E696CBE8F558A7C /* BackupServiceTests.swift */; };
		6365A142CE57374088AB50F8 /* HabitCompletion.swift in Sources */ = {isa = PBXBuildFile; fileRef = 205999761F1D4A20915DA509 /* HabitCompletion.swift */; };
		69ACBAAFF97F515A173C8572 /* HabitEditorView.swift in Sources */ = {isa = PBXBuildFile; fileRef = EE1708B7E950B9E39AC1E0FA /* HabitEditorView.swift */; };
		6C15981B370E4E284BFFB810 /* SavingGoalEditorView.swift in Sources */ = {isa = PBXBuildFile; fileRef = BDD47CC7643DC5D6394C60C7 /* SavingGoalEditorView.swift */; };
		83AF914394CF9595D47A80A8 /* MoneySummaryService.swift in Sources */ = {isa = PBXBuildFile; fileRef = 9B32BC02C092B52AAA9807E9 /* MoneySummaryService.swift */; };
		874BA553638803EEE1C2449E /* TransactionEditorView.swift in Sources */ = {isa = PBXBuildFile; fileRef = 3C0F00A3D12CE0A00698AE12 /* TransactionEditorView.swift */; };
		8906686E14EEACA98F2121D4 /* Assets.xcassets in Resources */ = {isa = PBXBuildFile; fileRef = 02CD94DF7789ED153F5DEFDB /* Assets.xcassets */; };
		8CF90AD2B7D7D6AC08DEE56E /* CompleteHabitIntent.swift in Sources */ = {isa = PBXBuildFile; fileRef = C4B58B542B7FBE1ED459C166 /* CompleteHabitIntent.swift */; };
		958EDDCA0A496518398CBA2F /* ProgressService.swift in Sources */ = {isa = PBXBuildFile; fileRef = 48A27DC9623AD0E83746D8AA /* ProgressService.swift */; };
		9699A36B1A871FF416395A68 /* TaskEditorView.swift in Sources */ = {isa = PBXBuildFile; fileRef = 18AB6674D1F432E0AB06073A /* TaskEditorView.swift */; };
		98138492DF0271ED61CF58E5 /* TransactionValidationTests.swift in Sources */ = {isa = PBXBuildFile; fileRef = 1E56117AE38C95CE035136B9 /* TransactionValidationTests.swift */; };
		99E142C08BFC8DFE301E72B6 /* InsightsView.swift in Sources */ = {isa = PBXBuildFile; fileRef = 8AFD5AB8F25D7B5A146861AD /* InsightsView.swift */; };
		9B2F95682313752D7CC25110 /* TasksView.swift in Sources */ = {isa = PBXBuildFile; fileRef = A19A5682231A9F06D4CD89DF /* TasksView.swift */; };
		A8BD345734B806B6814C7F9C /* TodayView.swift in Sources */ = {isa = PBXBuildFile; fileRef = 73D28C1DF124FD25163CF8DC /* TodayView.swift */; };
		B4364389CFFA88CDFEA5030D /* MoneySummaryServiceTests.swift in Sources */ = {isa = PBXBuildFile; fileRef = 6D95DC1E267317981DAEB532 /* MoneySummaryServiceTests.swift */; };
		BD387627CF1E201370373978 /* Transaction.swift in Sources */ = {isa = PBXBuildFile; fileRef = 275155BE81B22DDE59EFC9D9 /* Transaction.swift */; };
		BFD5BFB3048B869042FC7234 /* TrackingService.swift in Sources */ = {isa = PBXBuildFile; fileRef = 4CEA059F2B0EBCFB578F8E57 /* TrackingService.swift */; };
		C2E7CAAE1CDAAAFC70EA6F23 /* Reward.swift in Sources */ = {isa = PBXBuildFile; fileRef = 15FA1E2778A3FA95EF80181F /* Reward.swift */; };
		C6B3B7BDA5B298831319D8B0 /* ModelDefaultsTests.swift in Sources */ = {isa = PBXBuildFile; fileRef = 5CEA40B7E058600EC43F1501 /* ModelDefaultsTests.swift */; };
		C927C42B389860E135A68AC5 /* RewardsView.swift in Sources */ = {isa = PBXBuildFile; fileRef = 04238EA6B449A8493ADDE231 /* RewardsView.swift */; };
		D73C72026DAF8B905C0B65CF /* SelfUpShortcuts.swift in Sources */ = {isa = PBXBuildFile; fileRef = EF9145D79AEDDFFC76EA93F5 /* SelfUpShortcuts.swift */; };
		E063FC8298419FB88F993DD3 /* SettingsView.swift in Sources */ = {isa = PBXBuildFile; fileRef = 0860E118ABF6C974116CB75A /* SettingsView.swift */; };
		E07A15019CFA2D935A381333 /* SelfUpLogoView.swift in Sources */ = {isa = PBXBuildFile; fileRef = 38CB7C22B2CAEF7FAD8B05C9 /* SelfUpLogoView.swift */; };
		F116EB702946DCC1D9BCB58E /* SplashScreenView.swift in Sources */ = {isa = PBXBuildFile; fileRef = 7CCFE60D6111D6C86B4D9FE9 /* SplashScreenView.swift */; };
		F1CD98674BE84DE7E843F009 /* AppDestination.swift in Sources */ = {isa = PBXBuildFile; fileRef = AB0622E53EF097B7DE9FCF18 /* AppDestination.swift */; };
		F2167926CD197AC31A54D6BC /* AppIntentRoutingTests.swift in Sources */ = {isa = PBXBuildFile; fileRef = 7DDEEB0E3FE6730B468D7989 /* AppIntentRoutingTests.swift */; };
		F3A1AD30CF5476E5ADD94243 /* SelfUpApp.swift in Sources */ = {isa = PBXBuildFile; fileRef = 0DA368AFE08597B7DD7D0354 /* SelfUpApp.swift */; };
		FDF91BAA31E8D37B162400ED /* TrackingServiceTests.swift in Sources */ = {isa = PBXBuildFile; fileRef = 46524B77AFF3DCDB37D12F9D /* TrackingServiceTests.swift */; };
/* End PBXBuildFile section */

/* Begin PBXContainerItemProxy section */
		9C212C4EAF78CC90D6D812BF /* PBXContainerItemProxy */ = {
			isa = PBXContainerItemProxy;
			containerPortal = 7B0079C9C63E6F1C033BAB10 /* Project object */;
			proxyType = 1;
			remoteGlobalIDString = B9CAF9836A64AFE2278601C3;
			remoteInfo = SelfUp;
		};
/* End PBXContainerItemProxy section */

/* Begin PBXFileReference section */
		0001CDD02117F27710D0B7CF /* MoneyChartView.swift */ = {isa = PBXFileReference; lastKnownFileType = sourcecode.swift; path = MoneyChartView.swift; sourceTree = "<group>"; };
		02CD94DF7789ED153F5DEFDB /* Assets.xcassets */ = {isa = PBXFileReference; lastKnownFileType = folder.assetcatalog; path = Assets.xcassets; sourceTree = "<group>"; };
		04238EA6B449A8493ADDE231 /* RewardsView.swift */ = {isa = PBXFileReference; lastKnownFileType = sourcecode.swift; path = RewardsView.swift; sourceTree = "<group>"; };
		04C2D3BD7627072035421FEA /* MoneyView.swift */ = {isa = PBXFileReference; lastKnownFileType = sourcecode.swift; path = MoneyView.swift; sourceTree = "<group>"; };
		0860E118ABF6C974116CB75A /* SettingsView.swift */ = {isa = PBXFileReference; lastKnownFileType = sourcecode.swift; path = SettingsView.swift; sourceTree = "<group>"; };
		0DA368AFE08597B7DD7D0354 /* SelfUpApp.swift */ = {isa = PBXFileReference; lastKnownFileType = sourcecode.swift; path = SelfUpApp.swift; sourceTree = "<group>"; };
		148E686BD385A1B292708D1C /* BackupService.swift */ = {isa = PBXFileReference; lastKnownFileType = sourcecode.swift; path = BackupService.swift; sourceTree = "<group>"; };
		15FA1E2778A3FA95EF80181F /* Reward.swift */ = {isa = PBXFileReference; lastKnownFileType = sourcecode.swift; path = Reward.swift; sourceTree = "<group>"; };
		18AB6674D1F432E0AB06073A /* TaskEditorView.swift */ = {isa = PBXFileReference; lastKnownFileType = sourcecode.swift; path = TaskEditorView.swift; sourceTree = "<group>"; };
		1E56117AE38C95CE035136B9 /* TransactionValidationTests.swift */ = {isa = PBXFileReference; lastKnownFileType = sourcecode.swift; path = TransactionValidationTests.swift; sourceTree = "<group>"; };
		205999761F1D4A20915DA509 /* HabitCompletion.swift */ = {isa = PBXFileReference; lastKnownFileType = sourcecode.swift; path = HabitCompletion.swift; sourceTree = "<group>"; };
		275155BE81B22DDE59EFC9D9 /* Transaction.swift */ = {isa = PBXFileReference; lastKnownFileType = sourcecode.swift; path = Transaction.swift; sourceTree = "<group>"; };
		2899C59632096AD140200C57 /* Info.plist */ = {isa = PBXFileReference; lastKnownFileType = text.plist; path = Info.plist; sourceTree = "<group>"; };
		2AD940C45CADB1D8EFF20B3A /* SelfUpStyle.swift */ = {isa = PBXFileReference; lastKnownFileType = sourcecode.swift; path = SelfUpStyle.swift; sourceTree = "<group>"; };
		38CB7C22B2CAEF7FAD8B05C9 /* SelfUpLogoView.swift */ = {isa = PBXFileReference; lastKnownFileType = sourcecode.swift; path = SelfUpLogoView.swift; sourceTree = "<group>"; };
		3B00D8F94E696CBE8F558A7C /* BackupServiceTests.swift */ = {isa = PBXFileReference; lastKnownFileType = sourcecode.swift; path = BackupServiceTests.swift; sourceTree = "<group>"; };
		3C0F00A3D12CE0A00698AE12 /* TransactionEditorView.swift */ = {isa = PBXFileReference; lastKnownFileType = sourcecode.swift; path = TransactionEditorView.swift; sourceTree = "<group>"; };
		3DD39426D615C75400F81057 /* SelfUp.app */ = {isa = PBXFileReference; includeInIndex = 0; lastKnownFileType = wrapper.application; path = SelfUp.app; sourceTree = BUILT_PRODUCTS_DIR; };
		46524B77AFF3DCDB37D12F9D /* TrackingServiceTests.swift */ = {isa = PBXFileReference; lastKnownFileType = sourcecode.swift; path = TrackingServiceTests.swift; sourceTree = "<group>"; };
		48A27DC9623AD0E83746D8AA /* ProgressService.swift */ = {isa = PBXFileReference; lastKnownFileType = sourcecode.swift; path = ProgressService.swift; sourceTree = "<group>"; };
		4CEA059F2B0EBCFB578F8E57 /* TrackingService.swift */ = {isa = PBXFileReference; lastKnownFileType = sourcecode.swift; path = TrackingService.swift; sourceTree = "<group>"; };
		5CEA40B7E058600EC43F1501 /* ModelDefaultsTests.swift */ = {isa = PBXFileReference; lastKnownFileType = sourcecode.swift; path = ModelDefaultsTests.swift; sourceTree = "<group>"; };
		6D95DC1E267317981DAEB532 /* MoneySummaryServiceTests.swift */ = {isa = PBXFileReference; lastKnownFileType = sourcecode.swift; path = MoneySummaryServiceTests.swift; sourceTree = "<group>"; };
		73D28C1DF124FD25163CF8DC /* TodayView.swift */ = {isa = PBXFileReference; lastKnownFileType = sourcecode.swift; path = TodayView.swift; sourceTree = "<group>"; };
		77F7BA62F59D238B65905DF7 /* OpenSectionIntent.swift */ = {isa = PBXFileReference; lastKnownFileType = sourcecode.swift; path = OpenSectionIntent.swift; sourceTree = "<group>"; };
		7CCFE60D6111D6C86B4D9FE9 /* SplashScreenView.swift */ = {isa = PBXFileReference; lastKnownFileType = sourcecode.swift; path = SplashScreenView.swift; sourceTree = "<group>"; };
		7DDEEB0E3FE6730B468D7989 /* AppIntentRoutingTests.swift */ = {isa = PBXFileReference; lastKnownFileType = sourcecode.swift; path = AppIntentRoutingTests.swift; sourceTree = "<group>"; };
		84D429613A4D918CBB661E00 /* HabitsView.swift */ = {isa = PBXFileReference; lastKnownFileType = sourcecode.swift; path = HabitsView.swift; sourceTree = "<group>"; };
		8AFD5AB8F25D7B5A146861AD /* InsightsView.swift */ = {isa = PBXFileReference; lastKnownFileType = sourcecode.swift; path = InsightsView.swift; sourceTree = "<group>"; };
		945CC957F2B2FCFCEF6206F5 /* RewardEditorView.swift */ = {isa = PBXFileReference; lastKnownFileType = sourcecode.swift; path = RewardEditorView.swift; sourceTree = "<group>"; };
		97C4A76CF01C96AD978852D8 /* Habit.swift */ = {isa = PBXFileReference; lastKnownFileType = sourcecode.swift; path = Habit.swift; sourceTree = "<group>"; };
		98AEEB7337576DC4F3255E01 /* LogExpenseIntent.swift */ = {isa = PBXFileReference; lastKnownFileType = sourcecode.swift; path = LogExpenseIntent.swift; sourceTree = "<group>"; };
		9B32BC02C092B52AAA9807E9 /* MoneySummaryService.swift */ = {isa = PBXFileReference; lastKnownFileType = sourcecode.swift; path = MoneySummaryService.swift; sourceTree = "<group>"; };
		A19A5682231A9F06D4CD89DF /* TasksView.swift */ = {isa = PBXFileReference; lastKnownFileType = sourcecode.swift; path = TasksView.swift; sourceTree = "<group>"; };
		AB0622E53EF097B7DE9FCF18 /* AppDestination.swift */ = {isa = PBXFileReference; lastKnownFileType = sourcecode.swift; path = AppDestination.swift; sourceTree = "<group>"; };
		AEB793222637396AEB9774CD /* TaskItem.swift */ = {isa = PBXFileReference; lastKnownFileType = sourcecode.swift; path = TaskItem.swift; sourceTree = "<group>"; };
		BDD47CC7643DC5D6394C60C7 /* SavingGoalEditorView.swift */ = {isa = PBXFileReference; lastKnownFileType = sourcecode.swift; path = SavingGoalEditorView.swift; sourceTree = "<group>"; };
		C4B58B542B7FBE1ED459C166 /* CompleteHabitIntent.swift */ = {isa = PBXFileReference; lastKnownFileType = sourcecode.swift; path = CompleteHabitIntent.swift; sourceTree = "<group>"; };
		C76E8D5D810C7564B3873803 /* SelfUpTests.xctest */ = {isa = PBXFileReference; includeInIndex = 0; lastKnownFileType = wrapper.cfbundle; path = SelfUpTests.xctest; sourceTree = BUILT_PRODUCTS_DIR; };
		D839B791EAAE6F0E92A43381 /* SavingGoalFundView.swift */ = {isa = PBXFileReference; lastKnownFileType = sourcecode.swift; path = SavingGoalFundView.swift; sourceTree = "<group>"; };
		E361AF4FF02C08589115191B /* RewardsServiceTests.swift */ = {isa = PBXFileReference; lastKnownFileType = sourcecode.swift; path = RewardsServiceTests.swift; sourceTree = "<group>"; };
		E9AFE037A9794BE0193F5FF7 /* ProgressServiceTests.swift */ = {isa = PBXFileReference; lastKnownFileType = sourcecode.swift; path = ProgressServiceTests.swift; sourceTree = "<group>"; };
		EE1708B7E950B9E39AC1E0FA /* HabitEditorView.swift */ = {isa = PBXFileReference; lastKnownFileType = sourcecode.swift; path = HabitEditorView.swift; sourceTree = "<group>"; };
		EF9145D79AEDDFFC76EA93F5 /* SelfUpShortcuts.swift */ = {isa = PBXFileReference; lastKnownFileType = sourcecode.swift; path = SelfUpShortcuts.swift; sourceTree = "<group>"; };
		FBBEAB146619BFDD3524828C /* SavingGoal.swift */ = {isa = PBXFileReference; lastKnownFileType = sourcecode.swift; path = SavingGoal.swift; sourceTree = "<group>"; };
/* End PBXFileReference section */

/* Begin PBXGroup section */
		238C872B21E00AD466B9754E /* Today */ = {
			isa = PBXGroup;
			children = (
				73D28C1DF124FD25163CF8DC /* TodayView.swift */,
			);
			path = Today;
			sourceTree = "<group>";
		};
		2CBF323759614F8AEAED12BA /* Shared */ = {
			isa = PBXGroup;
			children = (
				38CB7C22B2CAEF7FAD8B05C9 /* SelfUpLogoView.swift */,
				2AD940C45CADB1D8EFF20B3A /* SelfUpStyle.swift */,
				7CCFE60D6111D6C86B4D9FE9 /* SplashScreenView.swift */,
			);
			path = Shared;
			sourceTree = "<group>";
		};
		6E9B7CDCA9A22B17F8CE5847 = {
			isa = PBXGroup;
			children = (
				846E8151E4823DF90C56079B /* SelfUp */,
				94BEBDB60F4E3DD320C87A67 /* SelfUpTests */,
				7943AA39DE7E004BC6678120 /* Products */,
			);
			sourceTree = "<group>";
		};
		7943AA39DE7E004BC6678120 /* Products */ = {
			isa = PBXGroup;
			children = (
				3DD39426D615C75400F81057 /* SelfUp.app */,
				C76E8D5D810C7564B3873803 /* SelfUpTests.xctest */,
			);
			name = Products;
			sourceTree = "<group>";
		};
		83419AB0F777938F1FF702A6 /* Models */ = {
			isa = PBXGroup;
			children = (
				AB0622E53EF097B7DE9FCF18 /* AppDestination.swift */,
				97C4A76CF01C96AD978852D8 /* Habit.swift */,
				205999761F1D4A20915DA509 /* HabitCompletion.swift */,
				15FA1E2778A3FA95EF80181F /* Reward.swift */,
				FBBEAB146619BFDD3524828C /* SavingGoal.swift */,
				AEB793222637396AEB9774CD /* TaskItem.swift */,
				275155BE81B22DDE59EFC9D9 /* Transaction.swift */,
			);
			path = Models;
			sourceTree = "<group>";
		};
		846E8151E4823DF90C56079B /* SelfUp */ = {
			isa = PBXGroup;
			children = (
				02CD94DF7789ED153F5DEFDB /* Assets.xcassets */,
				2899C59632096AD140200C57 /* Info.plist */,
				0DA368AFE08597B7DD7D0354 /* SelfUpApp.swift */,
				BD283F1D4E79377AA4877993 /* AppIntents */,
				B5E2B98EDC6CFD643D7C4ACD /* Features */,
				83419AB0F777938F1FF702A6 /* Models */,
				B3CA058307529B125663B905 /* Services */,
			);
			path = SelfUp;
			sourceTree = "<group>";
		};
		94BEBDB60F4E3DD320C87A67 /* SelfUpTests */ = {
			isa = PBXGroup;
			children = (
				7DDEEB0E3FE6730B468D7989 /* AppIntentRoutingTests.swift */,
				3B00D8F94E696CBE8F558A7C /* BackupServiceTests.swift */,
				5CEA40B7E058600EC43F1501 /* ModelDefaultsTests.swift */,
				6D95DC1E267317981DAEB532 /* MoneySummaryServiceTests.swift */,
				E9AFE037A9794BE0193F5FF7 /* ProgressServiceTests.swift */,
				E361AF4FF02C08589115191B /* RewardsServiceTests.swift */,
				46524B77AFF3DCDB37D12F9D /* TrackingServiceTests.swift */,
				1E56117AE38C95CE035136B9 /* TransactionValidationTests.swift */,
			);
			path = SelfUpTests;
			sourceTree = "<group>";
		};
		9C6AD50A6C6274959BB283BF /* Money */ = {
			isa = PBXGroup;
			children = (
				0001CDD02117F27710D0B7CF /* MoneyChartView.swift */,
				04C2D3BD7627072035421FEA /* MoneyView.swift */,
				BDD47CC7643DC5D6394C60C7 /* SavingGoalEditorView.swift */,
				D839B791EAAE6F0E92A43381 /* SavingGoalFundView.swift */,
				3C0F00A3D12CE0A00698AE12 /* TransactionEditorView.swift */,
			);
			path = Money;
			sourceTree = "<group>";
		};
		A370836F6820DDD315B0D49B /* Rewards */ = {
			isa = PBXGroup;
			children = (
				945CC957F2B2FCFCEF6206F5 /* RewardEditorView.swift */,
				04238EA6B449A8493ADDE231 /* RewardsView.swift */,
			);
			path = Rewards;
			sourceTree = "<group>";
		};
		AA6D3BC662363A0CD384C7C4 /* Habits */ = {
			isa = PBXGroup;
			children = (
				EE1708B7E950B9E39AC1E0FA /* HabitEditorView.swift */,
				84D429613A4D918CBB661E00 /* HabitsView.swift */,
			);
			path = Habits;
			sourceTree = "<group>";
		};
		B3CA058307529B125663B905 /* Services */ = {
			isa = PBXGroup;
			children = (
				148E686BD385A1B292708D1C /* BackupService.swift */,
				9B32BC02C092B52AAA9807E9 /* MoneySummaryService.swift */,
				48A27DC9623AD0E83746D8AA /* ProgressService.swift */,
				4CEA059F2B0EBCFB578F8E57 /* TrackingService.swift */,
			);
			path = Services;
			sourceTree = "<group>";
		};
		B5E2B98EDC6CFD643D7C4ACD /* Features */ = {
			isa = PBXGroup;
			children = (
				AA6D3BC662363A0CD384C7C4 /* Habits */,
				D290524ACD718FD991E20B1C /* Insights */,
				9C6AD50A6C6274959BB283BF /* Money */,
				A370836F6820DDD315B0D49B /* Rewards */,
				BEFE7C45FF8334AB5DEEE03C /* Settings */,
				2CBF323759614F8AEAED12BA /* Shared */,
				BBC0C529751DB05DBEA68AE8 /* Tasks */,
				238C872B21E00AD466B9754E /* Today */,
			);
			path = Features;
			sourceTree = "<group>";
		};
		BBC0C529751DB05DBEA68AE8 /* Tasks */ = {
			isa = PBXGroup;
			children = (
				18AB6674D1F432E0AB06073A /* TaskEditorView.swift */,
				A19A5682231A9F06D4CD89DF /* TasksView.swift */,
			);
			path = Tasks;
			sourceTree = "<group>";
		};
		BD283F1D4E79377AA4877993 /* AppIntents */ = {
			isa = PBXGroup;
			children = (
				C4B58B542B7FBE1ED459C166 /* CompleteHabitIntent.swift */,
				98AEEB7337576DC4F3255E01 /* LogExpenseIntent.swift */,
				77F7BA62F59D238B65905DF7 /* OpenSectionIntent.swift */,
				EF9145D79AEDDFFC76EA93F5 /* SelfUpShortcuts.swift */,
			);
			path = AppIntents;
			sourceTree = "<group>";
		};
		BEFE7C45FF8334AB5DEEE03C /* Settings */ = {
			isa = PBXGroup;
			children = (
				0860E118ABF6C974116CB75A /* SettingsView.swift */,
			);
			path = Settings;
			sourceTree = "<group>";
		};
		D290524ACD718FD991E20B1C /* Insights */ = {
			isa = PBXGroup;
			children = (
				8AFD5AB8F25D7B5A146861AD /* InsightsView.swift */,
			);
			path = Insights;
			sourceTree = "<group>";
		};
/* End PBXGroup section */

/* Begin PBXNativeTarget section */
		A90FEFF3E38E203100B35D78 /* SelfUpTests */ = {
			isa = PBXNativeTarget;
			buildConfigurationList = 71A6B14318AA0FB0D934E282 /* Build configuration list for PBXNativeTarget "SelfUpTests" */;
			buildPhases = (
				A408B2907C38B4A4631F0BDC /* Sources */,
			);
			buildRules = (
			);
			dependencies = (
				D3DAEE89685693EB201FE0BA /* PBXTargetDependency */,
			);
			name = SelfUpTests;
			packageProductDependencies = (
			);
			productName = SelfUpTests;
			productReference = C76E8D5D810C7564B3873803 /* SelfUpTests.xctest */;
			productType = "com.apple.product-type.bundle.unit-test";
		};
		B9CAF9836A64AFE2278601C3 /* SelfUp */ = {
			isa = PBXNativeTarget;
			buildConfigurationList = 4193B474FC9292A372C78033 /* Build configuration list for PBXNativeTarget "SelfUp" */;
			buildPhases = (
				A6A41302746C605C22E3E7C6 /* Sources */,
				2C01751698004ED7812A314F /* Resources */,
			);
			buildRules = (
			);
			dependencies = (
			);
			name = SelfUp;
			packageProductDependencies = (
			);
			productName = SelfUp;
			productReference = 3DD39426D615C75400F81057 /* SelfUp.app */;
			productType = "com.apple.product-type.application";
		};
/* End PBXNativeTarget section */

/* Begin PBXProject section */
		7B0079C9C63E6F1C033BAB10 /* Project object */ = {
			isa = PBXProject;
			attributes = {
				BuildIndependentTargetsInParallel = YES;
				LastUpgradeCheck = 1430;
				TargetAttributes = {
					B9CAF9836A64AFE2278601C3 = {
						DevelopmentTeam = "";
					};
				};
			};
			buildConfigurationList = 3056CC7FE282D46D638CEF5F /* Build configuration list for PBXProject "SelfUp" */;
			developmentRegion = en;
			hasScannedForEncodings = 0;
			knownRegions = (
				Base,
				en,
			);
			mainGroup = 6E9B7CDCA9A22B17F8CE5847;
			minimizedProjectReferenceProxies = 1;
			preferredProjectObjectVersion = 77;
			productRefGroup = 7943AA39DE7E004BC6678120 /* Products */;
			projectDirPath = "";
			projectRoot = "";
			targets = (
				B9CAF9836A64AFE2278601C3 /* SelfUp */,
				A90FEFF3E38E203100B35D78 /* SelfUpTests */,
			);
		};
/* End PBXProject section */

/* Begin PBXResourcesBuildPhase section */
		2C01751698004ED7812A314F /* Resources */ = {
			isa = PBXResourcesBuildPhase;
			buildActionMask = 2147483647;
			files = (
				8906686E14EEACA98F2121D4 /* Assets.xcassets in Resources */,
			);
			runOnlyForDeploymentPostprocessing = 0;
		};
/* End PBXResourcesBuildPhase section */

/* Begin PBXSourcesBuildPhase section */
		A408B2907C38B4A4631F0BDC /* Sources */ = {
			isa = PBXSourcesBuildPhase;
			buildActionMask = 2147483647;
			files = (
				F2167926CD197AC31A54D6BC /* AppIntentRoutingTests.swift in Sources */,
				5C08BB1471148E0BD56EA796 /* BackupServiceTests.swift in Sources */,
				C6B3B7BDA5B298831319D8B0 /* ModelDefaultsTests.swift in Sources */,
				B4364389CFFA88CDFEA5030D /* MoneySummaryServiceTests.swift in Sources */,
				421897AD939FEF8F71487F02 /* ProgressServiceTests.swift in Sources */,
				017F6113DFA17034E34A207B /* RewardsServiceTests.swift in Sources */,
				FDF91BAA31E8D37B162400ED /* TrackingServiceTests.swift in Sources */,
				98138492DF0271ED61CF58E5 /* TransactionValidationTests.swift in Sources */,
			);
			runOnlyForDeploymentPostprocessing = 0;
		};
		A6A41302746C605C22E3E7C6 /* Sources */ = {
			isa = PBXSourcesBuildPhase;
			buildActionMask = 2147483647;
			files = (
				F1CD98674BE84DE7E843F009 /* AppDestination.swift in Sources */,
				040D2A7673611FA21F73155B /* BackupService.swift in Sources */,
				8CF90AD2B7D7D6AC08DEE56E /* CompleteHabitIntent.swift in Sources */,
				20DBE5C0B01ABAAB6722AF9A /* Habit.swift in Sources */,
				6365A142CE57374088AB50F8 /* HabitCompletion.swift in Sources */,
				69ACBAAFF97F515A173C8572 /* HabitEditorView.swift in Sources */,
				1527229548B069E6FE9F1054 /* HabitsView.swift in Sources */,
				99E142C08BFC8DFE301E72B6 /* InsightsView.swift in Sources */,
				30A3B469D3C392A7AA28B8AD /* LogExpenseIntent.swift in Sources */,
				1FB8EB3CB9221F3878C2E448 /* MoneyChartView.swift in Sources */,
				83AF914394CF9595D47A80A8 /* MoneySummaryService.swift in Sources */,
				4B87701D7397C6D796A49113 /* MoneyView.swift in Sources */,
				0769495C913EE5E1DB275329 /* OpenSectionIntent.swift in Sources */,
				958EDDCA0A496518398CBA2F /* ProgressService.swift in Sources */,
				C2E7CAAE1CDAAAFC70EA6F23 /* Reward.swift in Sources */,
				346C1DD118FA9521568A0B98 /* RewardEditorView.swift in Sources */,
				C927C42B389860E135A68AC5 /* RewardsView.swift in Sources */,
				265DDF0E51B2EB8BF729BB9C /* SavingGoal.swift in Sources */,
				6C15981B370E4E284BFFB810 /* SavingGoalEditorView.swift in Sources */,
				53E5A4B9E66EC03E68B4A899 /* SavingGoalFundView.swift in Sources */,
				F3A1AD30CF5476E5ADD94243 /* SelfUpApp.swift in Sources */,
				E07A15019CFA2D935A381333 /* SelfUpLogoView.swift in Sources */,
				D73C72026DAF8B905C0B65CF /* SelfUpShortcuts.swift in Sources */,
				5145AB550596AB86D9EC2D95 /* SelfUpStyle.swift in Sources */,
				E063FC8298419FB88F993DD3 /* SettingsView.swift in Sources */,
				F116EB702946DCC1D9BCB58E /* SplashScreenView.swift in Sources */,
				9699A36B1A871FF416395A68 /* TaskEditorView.swift in Sources */,
				143D08B88343308CBD65EDD7 /* TaskItem.swift in Sources */,
				9B2F95682313752D7CC25110 /* TasksView.swift in Sources */,
				A8BD345734B806B6814C7F9C /* TodayView.swift in Sources */,
				BFD5BFB3048B869042FC7234 /* TrackingService.swift in Sources */,
				BD387627CF1E201370373978 /* Transaction.swift in Sources */,
				874BA553638803EEE1C2449E /* TransactionEditorView.swift in Sources */,
			);
			runOnlyForDeploymentPostprocessing = 0;
		};
/* End PBXSourcesBuildPhase section */

/* Begin PBXTargetDependency section */
		D3DAEE89685693EB201FE0BA /* PBXTargetDependency */ = {
			isa = PBXTargetDependency;
			target = B9CAF9836A64AFE2278601C3 /* SelfUp */;
			targetProxy = 9C212C4EAF78CC90D6D812BF /* PBXContainerItemProxy */;
		};
/* End PBXTargetDependency section */

/* Begin XCBuildConfiguration section */
		2559E0F05197C4EA6360A631 /* Debug */ = {
			isa = XCBuildConfiguration;
			buildSettings = {
				ALWAYS_SEARCH_USER_PATHS = NO;
				CLANG_ANALYZER_NONNULL = YES;
				CLANG_ANALYZER_NUMBER_OBJECT_CONVERSION = YES_AGGRESSIVE;
				CLANG_CXX_LANGUAGE_STANDARD = "gnu++14";
				CLANG_CXX_LIBRARY = "libc++";
				CLANG_ENABLE_MODULES = YES;
				CLANG_ENABLE_OBJC_ARC = YES;
				CLANG_ENABLE_OBJC_WEAK = YES;
				CLANG_WARN_BLOCK_CAPTURE_AUTORELEASING = YES;
				CLANG_WARN_BOOL_CONVERSION = YES;
				CLANG_WARN_COMMA = YES;
				CLANG_WARN_CONSTANT_CONVERSION = YES;
				CLANG_WARN_DEPRECATED_OBJC_IMPLEMENTATIONS = YES;
				CLANG_WARN_DIRECT_OBJC_ISA_USAGE = YES_ERROR;
				CLANG_WARN_DOCUMENTATION_COMMENTS = YES;
				CLANG_WARN_EMPTY_BODY = YES;
				CLANG_WARN_ENUM_CONVERSION = YES;
				CLANG_WARN_INFINITE_RECURSION = YES;
				CLANG_WARN_INT_CONVERSION = YES;
				CLANG_WARN_NON_LITERAL_NULL_CONVERSION = YES;
				CLANG_WARN_OBJC_IMPLICIT_RETAIN_SELF = YES;
				CLANG_WARN_OBJC_LITERAL_CONVERSION = YES;
				CLANG_WARN_OBJC_ROOT_CLASS = YES_ERROR;
				CLANG_WARN_QUOTED_INCLUDE_IN_FRAMEWORK_HEADER = YES;
				CLANG_WARN_RANGE_LOOP_ANALYSIS = YES;
				CLANG_WARN_STRICT_PROTOTYPES = YES;
				CLANG_WARN_SUSPICIOUS_MOVE = YES;
				CLANG_WARN_UNGUARDED_AVAILABILITY = YES_AGGRESSIVE;
				CLANG_WARN_UNREACHABLE_CODE = YES;
				CLANG_WARN__DUPLICATE_METHOD_MATCH = YES;
				COPY_PHASE_STRIP = NO;
				DEBUG_INFORMATION_FORMAT = dwarf;
				ENABLE_STRICT_OBJC_MSGSEND = YES;
				ENABLE_TESTABILITY = YES;
				GCC_C_LANGUAGE_STANDARD = gnu11;
				GCC_DYNAMIC_NO_PIC = NO;
				GCC_NO_COMMON_BLOCKS = YES;
				GCC_OPTIMIZATION_LEVEL = 0;
				GCC_PREPROCESSOR_DEFINITIONS = (
					"$(inherited)",
					"DEBUG=1",
				);
				GCC_WARN_64_TO_32_BIT_CONVERSION = YES;
				GCC_WARN_ABOUT_RETURN_TYPE = YES_ERROR;
				GCC_WARN_UNDECLARED_SELECTOR = YES;
				GCC_WARN_UNINITIALIZED_AUTOS = YES_AGGRESSIVE;
				GCC_WARN_UNUSED_FUNCTION = YES;
				GCC_WARN_UNUSED_VARIABLE = YES;
				MTL_ENABLE_DEBUG_INFO = INCLUDE_SOURCE;
				MTL_FAST_MATH = YES;
				ONLY_ACTIVE_ARCH = YES;
				PRODUCT_NAME = "$(TARGET_NAME)";
				SDKROOT = iphoneos;
				SWIFT_ACTIVE_COMPILATION_CONDITIONS = DEBUG;
				SWIFT_OPTIMIZATION_LEVEL = "-Onone";
				SWIFT_VERSION = 5.0;
			};
			name = Debug;
		};
		3DAC85CB76FE8D9ADCE009C2 /* Debug */ = {
			isa = XCBuildConfiguration;
			buildSettings = {
				BUNDLE_LOADER = "$(TEST_HOST)";
				CODE_SIGNING_ALLOWED = NO;
				CODE_SIGNING_REQUIRED = NO;
				CODE_SIGN_IDENTITY = "";
				IPHONEOS_DEPLOYMENT_TARGET = 17.0;
				LD_RUNPATH_SEARCH_PATHS = (
					"$(inherited)",
					"@executable_path/Frameworks",
					"@loader_path/Frameworks",
				);
				PRODUCT_BUNDLE_IDENTIFIER = com.farelevan.selfup.SelfUpTests;
				SDKROOT = iphoneos;
				TARGETED_DEVICE_FAMILY = "1,2";
				TEST_HOST = "$(BUILT_PRODUCTS_DIR)/SelfUp.app/SelfUp";
			};
			name = Debug;
		};
		83481B93FFDFB5247F05C681 /* Debug */ = {
			isa = XCBuildConfiguration;
			buildSettings = {
				ASSETCATALOG_COMPILER_APPICON_NAME = AppIcon;
				CODE_SIGNING_ALLOWED = NO;
				CODE_SIGNING_REQUIRED = NO;
				CODE_SIGN_IDENTITY = "";
				DEVELOPMENT_TEAM = "";
				INFOPLIST_FILE = SelfUp/Info.plist;
				IPHONEOS_DEPLOYMENT_TARGET = 17.0;
				LD_RUNPATH_SEARCH_PATHS = (
					"$(inherited)",
					"@executable_path/Frameworks",
				);
				PRODUCT_BUNDLE_IDENTIFIER = com.farelevan.selfup.SelfUp;
				SDKROOT = iphoneos;
				TARGETED_DEVICE_FAMILY = "1,2";
			};
			name = Debug;
		};
		9CE8722935F951BF1BE06B95 /* Release */ = {
			isa = XCBuildConfiguration;
			buildSettings = {
				BUNDLE_LOADER = "$(TEST_HOST)";
				CODE_SIGNING_ALLOWED = NO;
				CODE_SIGNING_REQUIRED = NO;
				CODE_SIGN_IDENTITY = "";
				IPHONEOS_DEPLOYMENT_TARGET = 17.0;
				LD_RUNPATH_SEARCH_PATHS = (
					"$(inherited)",
					"@executable_path/Frameworks",
					"@loader_path/Frameworks",
				);
				PRODUCT_BUNDLE_IDENTIFIER = com.farelevan.selfup.SelfUpTests;
				SDKROOT = iphoneos;
				TARGETED_DEVICE_FAMILY = "1,2";
				TEST_HOST = "$(BUILT_PRODUCTS_DIR)/SelfUp.app/SelfUp";
			};
			name = Release;
		};
		E51405F290ECDBD8AE011F96 /* Release */ = {
			isa = XCBuildConfiguration;
			buildSettings = {
				ASSETCATALOG_COMPILER_APPICON_NAME = AppIcon;
				CODE_SIGNING_ALLOWED = NO;
				CODE_SIGNING_REQUIRED = NO;
				CODE_SIGN_IDENTITY = "";
				DEVELOPMENT_TEAM = "";
				INFOPLIST_FILE = SelfUp/Info.plist;
				IPHONEOS_DEPLOYMENT_TARGET = 17.0;
				LD_RUNPATH_SEARCH_PATHS = (
					"$(inherited)",
					"@executable_path/Frameworks",
				);
				PRODUCT_BUNDLE_IDENTIFIER = com.farelevan.selfup.SelfUp;
				SDKROOT = iphoneos;
				TARGETED_DEVICE_FAMILY = "1,2";
			};
			name = Release;
		};
		F8968615551F13E17D7CEDB5 /* Release */ = {
			isa = XCBuildConfiguration;
			buildSettings = {
				ALWAYS_SEARCH_USER_PATHS = NO;
				CLANG_ANALYZER_NONNULL = YES;
				CLANG_ANALYZER_NUMBER_OBJECT_CONVERSION = YES_AGGRESSIVE;
				CLANG_CXX_LANGUAGE_STANDARD = "gnu++14";
				CLANG_CXX_LIBRARY = "libc++";
				CLANG_ENABLE_MODULES = YES;
				CLANG_ENABLE_OBJC_ARC = YES;
				CLANG_ENABLE_OBJC_WEAK = YES;
				CLANG_WARN_BLOCK_CAPTURE_AUTORELEASING = YES;
				CLANG_WARN_BOOL_CONVERSION = YES;
				CLANG_WARN_COMMA = YES;
				CLANG_WARN_CONSTANT_CONVERSION = YES;
				CLANG_WARN_DEPRECATED_OBJC_IMPLEMENTATIONS = YES;
				CLANG_WARN_DIRECT_OBJC_ISA_USAGE = YES_ERROR;
				CLANG_WARN_DOCUMENTATION_COMMENTS = YES;
				CLANG_WARN_EMPTY_BODY = YES;
				CLANG_WARN_ENUM_CONVERSION = YES;
				CLANG_WARN_INFINITE_RECURSION = YES;
				CLANG_WARN_INT_CONVERSION = YES;
				CLANG_WARN_NON_LITERAL_NULL_CONVERSION = YES;
				CLANG_WARN_OBJC_IMPLICIT_RETAIN_SELF = YES;
				CLANG_WARN_OBJC_LITERAL_CONVERSION = YES;
				CLANG_WARN_OBJC_ROOT_CLASS = YES_ERROR;
				CLANG_WARN_QUOTED_INCLUDE_IN_FRAMEWORK_HEADER = YES;
				CLANG_WARN_RANGE_LOOP_ANALYSIS = YES;
				CLANG_WARN_STRICT_PROTOTYPES = YES;
				CLANG_WARN_SUSPICIOUS_MOVE = YES;
				CLANG_WARN_UNGUARDED_AVAILABILITY = YES_AGGRESSIVE;
				CLANG_WARN_UNREACHABLE_CODE = YES;
				CLANG_WARN__DUPLICATE_METHOD_MATCH = YES;
				COPY_PHASE_STRIP = NO;
				DEBUG_INFORMATION_FORMAT = "dwarf-with-dsym";
				ENABLE_NS_ASSERTIONS = NO;
				ENABLE_STRICT_OBJC_MSGSEND = YES;
				GCC_C_LANGUAGE_STANDARD = gnu11;
				GCC_NO_COMMON_BLOCKS = YES;
				GCC_WARN_64_TO_32_BIT_CONVERSION = YES;
				GCC_WARN_ABOUT_RETURN_TYPE = YES_ERROR;
				GCC_WARN_UNDECLARED_SELECTOR = YES;
				GCC_WARN_UNINITIALIZED_AUTOS = YES_AGGRESSIVE;
				GCC_WARN_UNUSED_FUNCTION = YES;
				GCC_WARN_UNUSED_VARIABLE = YES;
				MTL_ENABLE_DEBUG_INFO = NO;
				MTL_FAST_MATH = YES;
				PRODUCT_NAME = "$(TARGET_NAME)";
				SDKROOT = iphoneos;
				SWIFT_COMPILATION_MODE = wholemodule;
				SWIFT_OPTIMIZATION_LEVEL = "-O";
				SWIFT_VERSION = 5.0;
			};
			name = Release;
		};
/* End XCBuildConfiguration section */

/* Begin XCConfigurationList section */
		3056CC7FE282D46D638CEF5F /* Build configuration list for PBXProject "SelfUp" */ = {
			isa = XCConfigurationList;
			buildConfigurations = (
				2559E0F05197C4EA6360A631 /* Debug */,
				F8968615551F13E17D7CEDB5 /* Release */,
			);
			defaultConfigurationIsVisible = 0;
			defaultConfigurationName = Debug;
		};
		4193B474FC9292A372C78033 /* Build configuration list for PBXNativeTarget "SelfUp" */ = {
			isa = XCConfigurationList;
			buildConfigurations = (
				83481B93FFDFB5247F05C681 /* Debug */,
				E51405F290ECDBD8AE011F96 /* Release */,
			);
			defaultConfigurationIsVisible = 0;
			defaultConfigurationName = Debug;
		};
		71A6B14318AA0FB0D934E282 /* Build configuration list for PBXNativeTarget "SelfUpTests" */ = {
			isa = XCConfigurationList;
			buildConfigurations = (
				3DAC85CB76FE8D9ADCE009C2 /* Debug */,
				9CE8722935F951BF1BE06B95 /* Release */,
			);
			defaultConfigurationIsVisible = 0;
			defaultConfigurationName = Debug;
		};
/* End XCConfigurationList section */
	};
	rootObject = 7B0079C9C63E6F1C033BAB10 /* Project object */;
}
